<?xml version="1.0" encoding="utf-8"?>
<Project ToolsVersion="4.0" xmlns="http://schemas.microsoft.com/developer/msbuild/2003">
  <ItemGroup>
    <ClCompile Include="main.cpp" />
    <ClCompile Include="Student.cpp">
      <Filter>Student</Filter>
    </ClCompile>
    <ClCompile Include="Point.cpp">
      <Filter>Point</Filter>
    </ClCompile>
  </ItemGroup>
  <ItemGroup>
    <Filter Include="Student">
      <UniqueIdentifier>{7ba1623b-6fea-40ea-a771-85b28c6831a2}</UniqueIdentifier>
    </Filter>
    <Filter Include="Point">
      <UniqueIdentifier>{4ae519b9-e332-4ef6-a25c-f052b34bc313}</UniqueIdentifier>
    </Filter>
  </ItemGroup>
  <ItemGroup>
    <ClInclude Include="Student.h">
      <Filter>Student</Filter>
    </ClInclude>
    <ClInclude Include="Point.h">
      <Filter>Point</Filter>
    </ClInclude>
  </ItemGroup>
</Project>